{
  "version": 4,
  "terraform_version": "1.1.5",
  "serial": 14,
  "lineage": "761d71ea-5cf5-f60e-dcfb-2009989925e2",
  "outputs": {
    "kubernetes_cluster_name": {
      "value": "ace-shine-341012-gke",
      "type": "string"
    },
    "project_id": {
      "value": "ace-shine-341012",
      "type": "string"
    },
    "region": {
      "value": "us-central1",
      "type": "string"
    }
  },
  "resources": [
    {
      "mode": "managed",
      "type": "google_compute_network",
      "name": "vpc",
      "provider": "provider[\"registry.terraform.io/hashicorp/google\"]",
      "instances": [
        {
          "schema_version": 0,
          "attributes": {
            "auto_create_subnetworks": false,
            "delete_default_routes_on_create": false,
            "description": "",
            "gateway_ipv4": "",
            "id": "projects/ace-shine-341012/global/networks/ace-shine-341012-vpc",
            "mtu": 0,
            "name": "ace-shine-341012-vpc",
            "project": "ace-shine-341012",
            "routing_mode": "REGIONAL",
            "self_link": "https://www.googleapis.com/compute/v1/projects/ace-shine-341012/global/networks/ace-shine-341012-vpc",
            "timeouts": null
          },
          "sensitive_attributes": [],
          "private": "eyJlMmJmYjczMC1lY2FhLTExZTYtOGY4OC0zNDM2M2JjN2M0YzAiOnsiY3JlYXRlIjoyNDAwMDAwMDAwMDAsImRlbGV0ZSI6MjQwMDAwMDAwMDAwLCJ1cGRhdGUiOjI0MDAwMDAwMDAwMH19"
        }
      ]
    },
    {
      "mode": "managed",
      "type": "google_compute_subnetwork",
      "name": "subnet",
      "provider": "provider[\"registry.terraform.io/hashicorp/google\"]",
      "instances": [
        {
          "schema_version": 0,
          "attributes": {
            "creation_timestamp": "2022-02-15T05:39:10.774-08:00",
            "description": "",
            "fingerprint": null,
            "gateway_address": "10.10.0.1",
            "id": "projects/ace-shine-341012/regions/us-central1/subnetworks/ace-shine-341012-subnet",
            "ip_cidr_range": "10.10.0.0/24",
            "log_config": [],
            "name": "ace-shine-341012-subnet",
            "network": "https://www.googleapis.com/compute/v1/projects/ace-shine-341012/global/networks/ace-shine-341012-vpc",
            "private_ip_google_access": false,
            "private_ipv6_google_access": "DISABLE_GOOGLE_ACCESS",
            "project": "ace-shine-341012",
            "region": "us-central1",
            "secondary_ip_range": [],
            "self_link": "https://www.googleapis.com/compute/v1/projects/ace-shine-341012/regions/us-central1/subnetworks/ace-shine-341012-subnet",
            "timeouts": null
          },
          "sensitive_attributes": [],
          "private": "eyJlMmJmYjczMC1lY2FhLTExZTYtOGY4OC0zNDM2M2JjN2M0YzAiOnsiY3JlYXRlIjozNjAwMDAwMDAwMDAsImRlbGV0ZSI6MzYwMDAwMDAwMDAwLCJ1cGRhdGUiOjM2MDAwMDAwMDAwMH19",
          "dependencies": [
            "google_compute_network.vpc"
          ]
        }
      ]
    },
    {
      "mode": "managed",
      "type": "google_container_cluster",
      "name": "primary",
      "provider": "provider[\"registry.terraform.io/hashicorp/google\"]",
      "instances": [
        {
          "schema_version": 1,
          "attributes": {
            "addons_config": [
              {
                "cloudrun_config": [],
                "horizontal_pod_autoscaling": [],
                "http_load_balancing": [],
                "network_policy_config": [
                  {
                    "disabled": true
                  }
                ]
              }
            ],
            "authenticator_groups_config": [],
            "cluster_autoscaling": [
              {
                "auto_provisioning_defaults": [],
                "enabled": false,
                "resource_limits": []
              }
            ],
            "cluster_ipv4_cidr": "10.112.0.0/14",
            "database_encryption": [
              {
                "key_name": "",
                "state": "DECRYPTED"
              }
            ],
            "default_max_pods_per_node": 110,
            "description": "",
            "enable_binary_authorization": false,
            "enable_intranode_visibility": null,
            "enable_kubernetes_alpha": false,
            "enable_legacy_abac": false,
            "enable_shielded_nodes": false,
            "enable_tpu": null,
            "endpoint": "34.132.29.164",
            "id": "projects/ace-shine-341012/locations/us-central1/clusters/ace-shine-341012-gke",
            "initial_node_count": 1,
            "instance_group_urls": [],
            "ip_allocation_policy": [
              {
                "cluster_ipv4_cidr_block": "10.112.0.0/14",
                "cluster_secondary_range_name": "gke-ace-shine-341012-gke-pods-fe4d794a",
                "services_ipv4_cidr_block": "10.116.0.0/20",
                "services_secondary_range_name": "gke-ace-shine-341012-gke-services-fe4d794a"
              }
            ],
            "label_fingerprint": "a9dc16a7",
            "location": "us-central1",
            "logging_service": "logging.googleapis.com/kubernetes",
            "maintenance_policy": [],
            "master_auth": [
              {
                "client_certificate": "",
                "client_certificate_config": [
                  {
                    "issue_client_certificate": false
                  }
                ],
                "client_key": "",
                "cluster_ca_certificate": "LS0tLS1CRUdJTiBDRVJUSUZJQ0FURS0tLS0tCk1JSUVMVENDQXBXZ0F3SUJBZ0lSQUl6eFNoK3IxMkVZZGxBVDhYZWtmSUF3RFFZSktvWklodmNOQVFFTEJRQXcKTHpFdE1Dc0dBMVVFQXhNa05tRTBOelprTjJJdE0yUmlZUzAwTURjNUxUZzVOVEF0TVRZNFlUSXpNbVUzWXpreApNQ0FYRFRJeU1ESXhOVEV5TXprek5Wb1lEekl3TlRJd01qQTRNVE16T1RNMVdqQXZNUzB3S3dZRFZRUURFeVEyCllUUTNObVEzWWkwelpHSmhMVFF3TnprdE9EazFNQzB4TmpoaE1qTXlaVGRqT1RFd2dnR2lNQTBHQ1NxR1NJYjMKRFFFQkFRVUFBNElCandBd2dnR0tBb0lCZ1FESUhwTVBZdlRXK2RIQkg1emxwNjhjL3kralBhSjh6d3ZaenRuTApWMkVBU1paS2ZqZ25kcUliNytNbWJMUm1iZHlNRGoxOVZ5WU9JQUlKTTgrcmhMZ3AzaVVnOTBLZmREWmNWNXcwCjJlM1ZWajNjQk9sNHZLdWJ4ajFvd1BEVGo0UVRGcFFrOS82a0NrcWhlY29EemI3UkVob1YycGRTU0xtZldXcWwKMU4wWXo2K00vYWdLSjdPT0NzeEZvei9ZVGQ4ZVRobTFVcHBSQVVpQllwem9rYU9XZG9RZ3lzQUJOaFJvdDM1ZwpBcFhOdkpNL0pvYkJoUFdEOGV4ekpnZkFJa1d0MmpCQWhBeC9KUlFhZUl2Sld6akh2ZDlHVUlKcFdjMmg1MDlWClNkUm1BTnJYKzQwWWlTRFRqVGprZzA1b3F6OTlONVkrdWp6TWhZNVpac250OFUvRDJOZHhETzdmSm1SL3BCNzEKeElhbC9sUlZEeXIrZitYNUdyWlBseFhJcm1Va0hOblhLRDFROEtuZGV0QU9ZTzV5MmlpTXVXVFc1VVJoRnhGawpyaktreWZvcitROXk4TlViSXpWTnJQaWNua1NpRGtRRzZFcVVlNkRtS0xpYXpWdU5vdlRBZFZMci9zenZGRTNCCktac2JVNUdhM09UcjN0OE5ERTY2TmlQQmtTa0NBd0VBQWFOQ01FQXdEZ1lEVlIwUEFRSC9CQVFEQWdJRU1BOEcKQTFVZEV3RUIvd1FGTUFNQkFmOHdIUVlEVlIwT0JCWUVGSTZxbHN1WFY4WVNyQ1Raa081YTVnNDM4SER4TUEwRwpDU3FHU0liM0RRRUJDd1VBQTRJQmdRQU04TEEybDM0NkZLakNEaGthWWdzOXdYZXA2Z25rQ2tQVFpucEVnakJYCkVZcVVIYk9JdXJWcThxVEJWcVpYM1JtWTN1d3lKcFFITnlKUlFEb3hjSXZOTEY1bnp6ZzdoK3N1bThFL25adHgKaFEydldpdXJtQjZSNmJITThUNVJTdnZpS0Y0aUxxVGN4Q2orcEVBQ1Mwd1NQMVNoUDltTURyOWtwczdrcStOUwpmdHdvUlRKaXUwOHF5bitYTXdZbUE5UXZaOGJYWG8va2ZSblJ4bkNOYVk2TzIxZit3NDJPUi9nOXNCY3l0R3ltCnlERVVzQkNJbGcwU0V2WEpiNUxta2FTdEU5V0w2eFJmeXU1UmJURm1jWXJsdzl0ejA3R0J3VS95Lys4eEdRVGEKWkZwNkpWOUFzVjZSYURJRVl5YmtwdnM2bW1JbFVndjJybmwvb2ZibzU4M0N1LzVWUVBLQURRUXFKd1ZHZ3YweQpWN2gvSFRtV0JuekdiM0M4ZUJRTitheWJtaW5sUk5DYXliMllzazNkM2d6ZXJFTHF4NS95NTF2Sy9JY3JzRkFFCnNOSk5PK1ZxL3h4d2NIQXJSTDhHdVpoT1RrRlJJVTJLeFp5Z3h4Sms2bC8ybHQzdWVHanVOMWFOdUhLVCtOV0cKazZQc3hVMnMvSitCTC8za2tQN3Q3VjA9Ci0tLS0tRU5EIENFUlRJRklDQVRFLS0tLS0K",
                "password": "",
                "username": ""
              }
            ],
            "master_authorized_networks_config": [],
            "master_version": "1.21.6-gke.1500",
            "min_master_version": null,
            "monitoring_service": "monitoring.googleapis.com/kubernetes",
            "name": "ace-shine-341012-gke",
            "network": "projects/ace-shine-341012/global/networks/ace-shine-341012-vpc",
            "network_policy": [
              {
                "enabled": false,
                "provider": "PROVIDER_UNSPECIFIED"
              }
            ],
            "node_config": [],
            "node_locations": [
              "us-central1-a",
              "us-central1-b",
              "us-central1-f"
            ],
            "node_pool": [],
            "node_version": "1.21.6-gke.1500",
            "operation": null,
            "pod_security_policy_config": [],
            "private_cluster_config": [],
            "project": "ace-shine-341012",
            "release_channel": [
              {
                "channel": "REGULAR"
              }
            ],
            "remove_default_node_pool": true,
            "resource_labels": null,
            "resource_usage_export_config": [],
            "self_link": "https://container.googleapis.com/v1beta1/projects/ace-shine-341012/locations/us-central1/clusters/ace-shine-341012-gke",
            "services_ipv4_cidr": "10.116.0.0/20",
            "subnetwork": "projects/ace-shine-341012/regions/us-central1/subnetworks/ace-shine-341012-subnet",
            "timeouts": null,
            "vertical_pod_autoscaling": [],
            "workload_identity_config": []
          },
          "sensitive_attributes": [],
          "private": "eyJlMmJmYjczMC1lY2FhLTExZTYtOGY4OC0zNDM2M2JjN2M0YzAiOnsiY3JlYXRlIjoyNDAwMDAwMDAwMDAwLCJkZWxldGUiOjI0MDAwMDAwMDAwMDAsInJlYWQiOjI0MDAwMDAwMDAwMDAsInVwZGF0ZSI6MzYwMDAwMDAwMDAwMH0sInNjaGVtYV92ZXJzaW9uIjoiMSJ9",
          "dependencies": [
            "google_compute_network.vpc",
            "google_compute_subnetwork.subnet"
          ]
        }
      ]
    },
    {
      "mode": "managed",
      "type": "google_container_node_pool",
      "name": "primary_nodes",
      "provider": "provider[\"registry.terraform.io/hashicorp/google\"]",
      "instances": []
    }
  ]
}
